<Solution>
  <Project Path="src/CezStudentAssistant.API/CezStudentAssistant.API.csproj" />
  <Project Path="src/CezStudentAssistant.Domain/CezStudentAssistant.Domain.csproj" />
  <Project Path="src/CezStudentAssistant.Infrastructure/CezStudentAssistant.Infrastructure.csproj" />
  <Project Path="src/CezStudentAssistant.Worker/CezStudentAssistant.Worker.csproj" />
  <Project Path="tests/CezStudentAssistant.IntegrationTests/CezStudentAssistant.IntegrationTests.csproj" />
  <Project Path="tests/CezStudentAssistant.UnitTests/CezStudentAssistant.UnitTests.csproj" />
</Solution>
