<Solution>
  <Folder Name="/Scripts/">
    <File Path="scripts/add-migration.bat" />
    <File Path="scripts/remove-migration.bat" />
    <File Path="scripts/update-db.bat" />
  </Folder>
  <Folder Name="/Solution Items/">
    <File Path=".dockerignore" />
    <File Path="docker-compose.yml" />
  </Folder>
  <Project Path="src/CezStudentAssistant.API/CezStudentAssistant.API.csproj" />
  <Project Path="src/CezStudentAssistant.Domain/CezStudentAssistant.Domain.csproj" />
  <Project Path="src/CezStudentAssistant.Infrastructure/CezStudentAssistant.Infrastructure.csproj" />
  <Project Path="src/CezStudentAssistant.Worker/CezStudentAssistant.Worker.csproj" />
  <Project Path="tests/CezStudentAssistant.IntegrationTests/CezStudentAssistant.IntegrationTests.csproj" />
  <Project Path="tests/CezStudentAssistant.UnitTests/CezStudentAssistant.UnitTests.csproj" />
</Solution>
